// !$*UTF8*$!
{
	archiveVersion = 1;
	classes = {
	};
	objectVersion = 46;
	objects = {

/* Begin PBXBuildFile section */
		1F7A58741AEF340A00831282 /* PassLockManager.m in Sources */ = {isa = PBXBuildFile; fileRef = 1F7A58731AEF340A00831282 /* PassLockManager.m */; };
		1F7A58761AEF4E2E00831282 /* AudioToolbox.framework in Frameworks */ = {isa = PBXBuildFile; fileRef = 1F7A58751AEF4E2E00831282 /* AudioToolbox.framework */; };
		1FAC60B01AEE244300C0C055 /* main.m in Sources */ = {isa = PBXBuildFile; fileRef = 1FAC60AF1AEE244300C0C055 /* main.m */; };
		1FAC60B31AEE244300C0C055 /* AppDelegate.m in Sources */ = {isa = PBXBuildFile; fileRef = 1FAC60B21AEE244300C0C055 /* AppDelegate.m */; };
		1FAC60B81AEE244300C0C055 /* Images.xcassets in Resources */ = {isa = PBXBuildFile; fileRef = 1FAC60B71AEE244300C0C055 /* Images.xcassets */; };
		1FAC60BB1AEE244300C0C055 /* LaunchScreen.xib in Resources */ = {isa = PBXBuildFile; fileRef = 1FAC60B91AEE244300C0C055 /* LaunchScreen.xib */; };
		1FAC60C71AEE244300C0C055 /* applockTests.m in Sources */ = {isa = PBXBuildFile; fileRef = 1FAC60C61AEE244300C0C055 /* applockTests.m */; };
		1FAC60E21AEE260F00C0C055 /* TestViewController.m in Sources */ = {isa = PBXBuildFile; fileRef = 1FAC60E01AEE260F00C0C055 /* TestViewController.m */; };
		1FAC60E31AEE260F00C0C055 /* TestViewController.xib in Resources */ = {isa = PBXBuildFile; fileRef = 1FAC60E11AEE260F00C0C055 /* TestViewController.xib */; };
		1FAC60FD1AEE27B200C0C055 /* box_filled@2x.png in Resources */ = {isa = PBXBuildFile; fileRef = 1FAC60F51AEE27B200C0C055 /* box_filled@2x.png */; };
		1FAC60FE1AEE27B200C0C055 /* box_empty@2x.png in Resources */ = {isa = PBXBuildFile; fileRef = 1FAC60F61AEE27B200C0C055 /* box_empty@2x.png */; };
		1FAC60FF1AEE27B200C0C055 /* InputView.m in Sources */ = {isa = PBXBuildFile; fileRef = 1FAC60F81AEE27B200C0C055 /* InputView.m */; };
		1FAC61001AEE27B200C0C055 /* KKKeychain.m in Sources */ = {isa = PBXBuildFile; fileRef = 1FAC60FA1AEE27B200C0C055 /* KKKeychain.m */; };
		1FAC61041AEE280A00C0C055 /* PassLockViewController.m in Sources */ = {isa = PBXBuildFile; fileRef = 1FAC61031AEE280A00C0C055 /* PassLockViewController.m */; };
/* End PBXBuildFile section */

/* Begin PBXContainerItemProxy section */
		1FAC60C11AEE244300C0C055 /* PBXContainerItemProxy */ = {
			isa = PBXContainerItemProxy;
			containerPortal = 1FAC60A21AEE244300C0C055 /* Project object */;
			proxyType = 1;
			remoteGlobalIDString = 1FAC60A91AEE244300C0C055;
			remoteInfo = applock;
		};
/* End PBXContainerItemProxy section */

/* Begin PBXFileReference section */
		1F7A58721AEF340A00831282 /* PassLockManager.h */ = {isa = PBXFileReference; fileEncoding = 4; lastKnownFileType = sourcecode.c.h; path = PassLockManager.h; sourceTree = "<group>"; };
		1F7A58731AEF340A00831282 /* PassLockManager.m */ = {isa = PBXFileReference; fileEncoding = 4; lastKnownFileType = sourcecode.c.objc; path = PassLockManager.m; sourceTree = "<group>"; };
		1F7A58751AEF4E2E00831282 /* AudioToolbox.framework */ = {isa = PBXFileReference; lastKnownFileType = wrapper.framework; name = AudioToolbox.framework; path = System/Library/Frameworks/AudioToolbox.framework; sourceTree = SDKROOT; };
		1FAC60AA1AEE244300C0C055 /* applock.app */ = {isa = PBXFileReference; explicitFileType = wrapper.application; includeInIndex = 0; path = applock.app; sourceTree = BUILT_PRODUCTS_DIR; };
		1FAC60AE1AEE244300C0C055 /* Info.plist */ = {isa = PBXFileReference; lastKnownFileType = text.plist.xml; path = Info.plist; sourceTree = "<group>"; };
		1FAC60AF1AEE244300C0C055 /* main.m */ = {isa = PBXFileReference; lastKnownFileType = sourcecode.c.objc; path = main.m; sourceTree = "<group>"; };
		1FAC60B11AEE244300C0C055 /* AppDelegate.h */ = {isa = PBXFileReference; lastKnownFileType = sourcecode.c.h; path = AppDelegate.h; sourceTree = "<group>"; };
		1FAC60B21AEE244300C0C055 /* AppDelegate.m */ = {isa = PBXFileReference; lastKnownFileType = sourcecode.c.objc; path = AppDelegate.m; sourceTree = "<group>"; };
		1FAC60B71AEE244300C0C055 /* Images.xcassets */ = {isa = PBXFileReference; lastKnownFileType = folder.assetcatalog; path = Images.xcassets; sourceTree = "<group>"; };
		1FAC60BA1AEE244300C0C055 /* Base */ = {isa = PBXFileReference; lastKnownFileType = file.xib; name = Base; path = Base.lproj/LaunchScreen.xib; sourceTree = "<group>"; };
		1FAC60C01AEE244300C0C055 /* applockTests.xctest */ = {isa = PBXFileReference; explicitFileType = wrapper.cfbundle; includeInIndex = 0; path = applockTests.xctest; sourceTree = BUILT_PRODUCTS_DIR; };
		1FAC60C51AEE244300C0C055 /* Info.plist */ = {isa = PBXFileReference; lastKnownFileType = text.plist.xml; path = Info.plist; sourceTree = "<group>"; };
		1FAC60C61AEE244300C0C055 /* applockTests.m */ = {isa = PBXFileReference; lastKnownFileType = sourcecode.c.objc; path = applockTests.m; sourceTree = "<group>"; };
		1FAC60DF1AEE260F00C0C055 /* TestViewController.h */ = {isa = PBXFileReference; fileEncoding = 4; lastKnownFileType = sourcecode.c.h; path = TestViewController.h; sourceTree = "<group>"; };
		1FAC60E01AEE260F00C0C055 /* TestViewController.m */ = {isa = PBXFileReference; fileEncoding = 4; lastKnownFileType = sourcecode.c.objc; path = TestViewController.m; sourceTree = "<group>"; };
		1FAC60E11AEE260F00C0C055 /* TestViewController.xib */ = {isa = PBXFileReference; fileEncoding = 4; lastKnownFileType = file.xib; path = TestViewController.xib; sourceTree = "<group>"; };
		1FAC60F51AEE27B200C0C055 /* box_filled@2x.png */ = {isa = PBXFileReference; lastKnownFileType = image.png; path = "box_filled@2x.png"; sourceTree = "<group>"; };
		1FAC60F61AEE27B200C0C055 /* box_empty@2x.png */ = {isa = PBXFileReference; lastKnownFileType = image.png; path = "box_empty@2x.png"; sourceTree = "<group>"; };
		1FAC60F71AEE27B200C0C055 /* InputView.h */ = {isa = PBXFileReference; fileEncoding = 4; lastKnownFileType = sourcecode.c.h; path = InputView.h; sourceTree = "<group>"; };
		1FAC60F81AEE27B200C0C055 /* InputView.m */ = {isa = PBXFileReference; fileEncoding = 4; lastKnownFileType = sourcecode.c.objc; path = InputView.m; sourceTree = "<group>"; };
		1FAC60F91AEE27B200C0C055 /* KKKeychain.h */ = {isa = PBXFileReference; fileEncoding = 4; lastKnownFileType = sourcecode.c.h; path = KKKeychain.h; sourceTree = "<group>"; };
		1FAC60FA1AEE27B200C0C055 /* KKKeychain.m */ = {isa = PBXFileReference; fileEncoding = 4; lastKnownFileType = sourcecode.c.objc; path = KKKeychain.m; sourceTree = "<group>"; };
		1FAC61021AEE280A00C0C055 /* PassLockViewController.h */ = {isa = PBXFileReference; fileEncoding = 4; lastKnownFileType = sourcecode.c.h; path = PassLockViewController.h; sourceTree = "<group>"; };
		1FAC61031AEE280A00C0C055 /* PassLockViewController.m */ = {isa = PBXFileReference; fileEncoding = 4; lastKnownFileType = sourcecode.c.objc; path = PassLockViewController.m; sourceTree = "<group>"; };
/* End PBXFileReference section */

/* Begin PBXFrameworksBuildPhase section */
		1FAC60A71AEE244300C0C055 /* Frameworks */ = {
			isa = PBXFrameworksBuildPhase;
			buildActionMask = 2147483647;
			files = (
				1F7A58761AEF4E2E00831282 /* AudioToolbox.framework in Frameworks */,
			);
			runOnlyForDeploymentPostprocessing = 0;
		};
		1FAC60BD1AEE244300C0C055 /* Frameworks */ = {
			isa = PBXFrameworksBuildPhase;
			buildActionMask = 2147483647;
			files = (
			);
			runOnlyForDeploymentPostprocessing = 0;
		};
/* End PBXFrameworksBuildPhase section */

/* Begin PBXGroup section */
		1FAC60A11AEE244300C0C055 = {
			isa = PBXGroup;
			children = (
				1F7A58751AEF4E2E00831282 /* AudioToolbox.framework */,
				1FAC60AC1AEE244300C0C055 /* applock */,
				1FAC60C31AEE244300C0C055 /* applockTests */,
				1FAC60AB1AEE244300C0C055 /* Products */,
			);
			sourceTree = "<group>";
		};
		1FAC60AB1AEE244300C0C055 /* Products */ = {
			isa = PBXGroup;
			children = (
				1FAC60AA1AEE244300C0C055 /* applock.app */,
				1FAC60C01AEE244300C0C055 /* applockTests.xctest */,
			);
			name = Products;
			sourceTree = "<group>";
		};
		1FAC60AC1AEE244300C0C055 /* applock */ = {
			isa = PBXGroup;
			children = (
				1FAC60F31AEE27B200C0C055 /* PassLock */,
				1FAC60B11AEE244300C0C055 /* AppDelegate.h */,
				1FAC60B21AEE244300C0C055 /* AppDelegate.m */,
				1FAC60DF1AEE260F00C0C055 /* TestViewController.h */,
				1FAC60E01AEE260F00C0C055 /* TestViewController.m */,
				1FAC60E11AEE260F00C0C055 /* TestViewController.xib */,
				1FAC60B71AEE244300C0C055 /* Images.xcassets */,
				1FAC60B91AEE244300C0C055 /* LaunchScreen.xib */,
				1FAC60AD1AEE244300C0C055 /* Supporting Files */,
			);
			path = applock;
			sourceTree = "<group>";
		};
		1FAC60AD1AEE244300C0C055 /* Supporting Files */ = {
			isa = PBXGroup;
			children = (
				1FAC60AE1AEE244300C0C055 /* Info.plist */,
				1FAC60AF1AEE244300C0C055 /* main.m */,
			);
			name = "Supporting Files";
			sourceTree = "<group>";
		};
		1FAC60C31AEE244300C0C055 /* applockTests */ = {
			isa = PBXGroup;
			children = (
				1FAC60C61AEE244300C0C055 /* applockTests.m */,
				1FAC60C41AEE244300C0C055 /* Supporting Files */,
			);
			path = applockTests;
			sourceTree = "<group>";
		};
		1FAC60C41AEE244300C0C055 /* Supporting Files */ = {
			isa = PBXGroup;
			children = (
				1FAC60C51AEE244300C0C055 /* Info.plist */,
			);
			name = "Supporting Files";
			sourceTree = "<group>";
		};
		1FAC60F31AEE27B200C0C055 /* PassLock */ = {
			isa = PBXGroup;
			children = (
				1FAC60F41AEE27B200C0C055 /* image */,
				1FAC60F71AEE27B200C0C055 /* InputView.h */,
				1FAC60F81AEE27B200C0C055 /* InputView.m */,
				1FAC60F91AEE27B200C0C055 /* KKKeychain.h */,
				1FAC60FA1AEE27B200C0C055 /* KKKeychain.m */,
				1FAC61021AEE280A00C0C055 /* PassLockViewController.h */,
				1FAC61031AEE280A00C0C055 /* PassLockViewController.m */,
				1F7A58721AEF340A00831282 /* PassLockManager.h */,
				1F7A58731AEF340A00831282 /* PassLockManager.m */,
			);
			name = PassLock;
			path = ../../PassLock;
			sourceTree = "<group>";
		};
		1FAC60F41AEE27B200C0C055 /* image */ = {
			isa = PBXGroup;
			children = (
				1FAC60F51AEE27B200C0C055 /* box_filled@2x.png */,
				1FAC60F61AEE27B200C0C055 /* box_empty@2x.png */,
			);
			path = image;
			sourceTree = "<group>";
		};
/* End PBXGroup section */

/* Begin PBXNativeTarget section */
		1FAC60A91AEE244300C0C055 /* applock */ = {
			isa = PBXNativeTarget;
			buildConfigurationList = 1FAC60CA1AEE244300C0C055 /* Build configuration list for PBXNativeTarget "applock" */;
			buildPhases = (
				1FAC60A61AEE244300C0C055 /* Sources */,
				1FAC60A71AEE244300C0C055 /* Frameworks */,
				1FAC60A81AEE244300C0C055 /* Resources */,
			);
			buildRules = (
			);
			dependencies = (
			);
			name = applock;
			productName = applock;
			productReference = 1FAC60AA1AEE244300C0C055 /* applock.app */;
			productType = "com.apple.product-type.application";
		};
		1FAC60BF1AEE244300C0C055 /* applockTests */ = {
			isa = PBXNativeTarget;
			buildConfigurationList = 1FAC60CD1AEE244300C0C055 /* Build configuration list for PBXNativeTarget "applockTests" */;
			buildPhases = (
				1FAC60BC1AEE244300C0C055 /* Sources */,
				1FAC60BD1AEE244300C0C055 /* Frameworks */,
				1FAC60BE1AEE244300C0C055 /* Resources */,
			);
			buildRules = (
			);
			dependencies = (
				1FAC60C21AEE244300C0C055 /* PBXTargetDependency */,
			);
			name = applockTests;
			productName = applockTests;
			productReference = 1FAC60C01AEE244300C0C055 /* applockTests.xctest */;
			productType = "com.apple.product-type.bundle.unit-test";
		};
/* End PBXNativeTarget section */

/* Begin PBXProject section */
		1FAC60A21AEE244300C0C055 /* Project object */ = {
			isa = PBXProject;
			attributes = {
				LastUpgradeCheck = 0610;
				ORGANIZATIONNAME = "Du xuechao";
				TargetAttributes = {
					1FAC60A91AEE244300C0C055 = {
						CreatedOnToolsVersion = 6.1;
					};
					1FAC60BF1AEE244300C0C055 = {
						CreatedOnToolsVersion = 6.1;
						TestTargetID = 1FAC60A91AEE244300C0C055;
					};
				};
			};
			buildConfigurationList = 1FAC60A51AEE244300C0C055 /* Build configuration list for PBXProject "applock" */;
			compatibilityVersion = "Xcode 3.2";
			developmentRegion = English;
			hasScannedForEncodings = 0;
			knownRegions = (
				en,
				Base,
			);
			mainGroup = 1FAC60A11AEE244300C0C055;
			productRefGroup = 1FAC60AB1AEE244300C0C055 /* Products */;
			projectDirPath = "";
			projectRoot = "";
			targets = (
				1FAC60A91AEE244300C0C055 /* applock */,
				1FAC60BF1AEE244300C0C055 /* applockTests */,
			);
		};
/* End PBXProject section */

/* Begin PBXResourcesBuildPhase section */
		1FAC60A81AEE244300C0C055 /* Resources */ = {
			isa = PBXResourcesBuildPhase;
			buildActionMask = 2147483647;
			files = (
				1FAC60FD1AEE27B200C0C055 /* box_filled@2x.png in Resources */,
				1FAC60FE1AEE27B200C0C055 /* box_empty@2x.png in Resources */,
				1FAC60E31AEE260F00C0C055 /* TestViewController.xib in Resources */,
				1FAC60BB1AEE244300C0C055 /* LaunchScreen.xib in Resources */,
				1FAC60B81AEE244300C0C055 /* Images.xcassets in Resources */,
			);
			runOnlyForDeploymentPostprocessing = 0;
		};
		1FAC60BE1AEE244300C0C055 /* Resources */ = {
			isa = PBXResourcesBuildPhase;
			buildActionMask = 2147483647;
			files = (
			);
			runOnlyForDeploymentPostprocessing = 0;
		};
/* End PBXResourcesBuildPhase section */

/* Begin PBXSourcesBuildPhase section */
		1FAC60A61AEE244300C0C055 /* Sources */ = {
			isa = PBXSourcesBuildPhase;
			buildActionMask = 2147483647;
			files = (
				1FAC61041AEE280A00C0C055 /* PassLockViewController.m in Sources */,
				1FAC60E21AEE260F00C0C055 /* TestViewController.m in Sources */,
				1FAC60FF1AEE27B200C0C055 /* InputView.m in Sources */,
				1FAC60B31AEE244300C0C055 /* AppDelegate.m in Sources */,
				1FAC60B01AEE244300C0C055 /* main.m in Sources */,
				1FAC61001AEE27B200C0C055 /* KKKeychain.m in Sources */,
				1F7A58741AEF340A00831282 /* PassLockManager.m in Sources */,
			);
			runOnlyForDeploymentPostprocessing = 0;
		};
		1FAC60BC1AEE244300C0C055 /* Sources */ = {
			isa = PBXSourcesBuildPhase;
			buildActionMask = 2147483647;
			files = (
				1FAC60C71AEE244300C0C055 /* applockTests.m in Sources */,
			);
			runOnlyForDeploymentPostprocessing = 0;
		};
/* End PBXSourcesBuildPhase section */

/* Begin PBXTargetDependency section */
		1FAC60C21AEE244300C0C055 /* PBXTargetDependency */ = {
			isa = PBXTargetDependency;
			target = 1FAC60A91AEE244300C0C055 /* applock */;
			targetProxy = 1FAC60C11AEE244300C0C055 /* PBXContainerItemProxy */;
		};
/* End PBXTargetDependency section */

/* Begin PBXVariantGroup section */
		1FAC60B91AEE244300C0C055 /* LaunchScreen.xib */ = {
			isa = PBXVariantGroup;
			children = (
				1FAC60BA1AEE244300C0C055 /* Base */,
			);
			name = LaunchScreen.xib;
			sourceTree = "<group>";
		};
/* End PBXVariantGroup section */

/* Begin XCBuildConfiguration section */
		1FAC60C81AEE244300C0C055 /* Debug */ = {
			isa = XCBuildConfiguration;
			buildSettings = {
				ALWAYS_SEARCH_USER_PATHS = NO;
				CLANG_CXX_LANGUAGE_STANDARD = "gnu++0x";
				CLANG_CXX_LIBRARY = "libc++";
				CLANG_ENABLE_MODULES = YES;
				CLANG_ENABLE_OBJC_ARC = YES;
				CLANG_WARN_BOOL_CONVERSION = YES;
				CLANG_WARN_CONSTANT_CONVERSION = YES;
				CLANG_WARN_DIRECT_OBJC_ISA_USAGE = YES_ERROR;
				CLANG_WARN_EMPTY_BODY = YES;
				CLANG_WARN_ENUM_CONVERSION = YES;
				CLANG_WARN_INT_CONVERSION = YES;
				CLANG_WARN_OBJC_ROOT_CLASS = YES_ERROR;
				CLANG_WARN_UNREACHABLE_CODE = YES;
				CLANG_WARN__DUPLICATE_METHOD_MATCH = YES;
				"CODE_SIGN_IDENTITY[sdk=iphoneos*]" = "iPhone Developer";
				COPY_PHASE_STRIP = NO;
				ENABLE_STRICT_OBJC_MSGSEND = YES;
				GCC_C_LANGUAGE_STANDARD = gnu99;
				GCC_DYNAMIC_NO_PIC = NO;
				GCC_OPTIMIZATION_LEVEL = 0;
				GCC_PREPROCESSOR_DEFINITIONS = (
					"DEBUG=1",
					"$(inherited)",
				);
				GCC_SYMBOLS_PRIVATE_EXTERN = NO;
				GCC_WARN_64_TO_32_BIT_CONVERSION = YES;
				GCC_WARN_ABOUT_RETURN_TYPE = YES_ERROR;
				GCC_WARN_UNDECLARED_SELECTOR = YES;
				GCC_WARN_UNINITIALIZED_AUTOS = YES_AGGRESSIVE;
				GCC_WARN_UNUSED_FUNCTION = YES;
				GCC_WARN_UNUSED_VARIABLE = YES;
				IPHONEOS_DEPLOYMENT_TARGET = 8.1;
				MTL_ENABLE_DEBUG_INFO = YES;
				ONLY_ACTIVE_ARCH = YES;
				SDKROOT = iphoneos;
			};
			name = Debug;
		};
		1FAC60C91AEE244300C0C055 /* Release */ = {
			isa = XCBuildConfiguration;
			buildSettings = {
				ALWAYS_SEARCH_USER_PATHS = NO;
				CLANG_CXX_LANGUAGE_STANDARD = "gnu++0x";
				CLANG_CXX_LIBRARY = "libc++";
				CLANG_ENABLE_MODULES = YES;
				CLANG_ENABLE_OBJC_ARC = YES;
				CLANG_WARN_BOOL_CONVERSION = YES;
				CLANG_WARN_CONSTANT_CONVERSION = YES;
				CLANG_WARN_DIRECT_OBJC_ISA_USAGE = YES_ERROR;
				CLANG_WARN_EMPTY_BODY = YES;
				CLANG_WARN_ENUM_CONVERSION = YES;
				CLANG_WARN_INT_CONVERSION = YES;
				CLANG_WARN_OBJC_ROOT_CLASS = YES_ERROR;
				CLANG_WARN_UNREACHABLE_CODE = YES;
				CLANG_WARN__DUPLICATE_METHOD_MATCH = YES;
				"CODE_SIGN_IDENTITY[sdk=iphoneos*]" = "iPhone Developer";
				COPY_PHASE_STRIP = YES;
				ENABLE_NS_ASSERTIONS = NO;
				ENABLE_STRICT_OBJC_MSGSEND = YES;
				GCC_C_LANGUAGE_STANDARD = gnu99;
				GCC_WARN_64_TO_32_BIT_CONVERSION = YES;
				GCC_WARN_ABOUT_RETURN_TYPE = YES_ERROR;
				GCC_WARN_UNDECLARED_SELECTOR = YES;
				GCC_WARN_UNINITIALIZED_AUTOS = YES_AGGRESSIVE;
				GCC_WARN_UNUSED_FUNCTION = YES;
				GCC_WARN_UNUSED_VARIABLE = YES;
				IPHONEOS_DEPLOYMENT_TARGET = 8.1;
				MTL_ENABLE_DEBUG_INFO = NO;
				SDKROOT = iphoneos;
				VALIDATE_PRODUCT = YES;
			};
			name = Release;
		};
		1FAC60CB1AEE244300C0C055 /* Debug */ = {
			isa = XCBuildConfiguration;
			buildSettings = {
				ASSETCATALOG_COMPILER_APPICON_NAME = AppIcon;
				INFOPLIST_FILE = applock/Info.plist;
				LD_RUNPATH_SEARCH_PATHS = "$(inherited) @executable_path/Frameworks";
				PRODUCT_NAME = "$(TARGET_NAME)";
			};
			name = Debug;
		};
		1FAC60CC1AEE244300C0C055 /* Release */ = {
			isa = XCBuildConfiguration;
			buildSettings = {
				ASSETCATALOG_COMPILER_APPICON_NAME = AppIcon;
				INFOPLIST_FILE = applock/Info.plist;
				LD_RUNPATH_SEARCH_PATHS = "$(inherited) @executable_path/Frameworks";
				PRODUCT_NAME = "$(TARGET_NAME)";
			};
			name = Release;
		};
		1FAC60CE1AEE244300C0C055 /* Debug */ = {
			isa = XCBuildConfiguration;
			buildSettings = {
				BUNDLE_LOADER = "$(TEST_HOST)";
				FRAMEWORK_SEARCH_PATHS = (
					"$(SDKROOT)/Developer/Library/Frameworks",
					"$(inherited)",
				);
				GCC_PREPROCESSOR_DEFINITIONS = (
					"DEBUG=1",
					"$(inherited)",
				);
				INFOPLIST_FILE = applockTests/Info.plist;
				LD_RUNPATH_SEARCH_PATHS = "$(inherited) @executable_path/Frameworks @loader_path/Frameworks";
				PRODUCT_NAME = "$(TARGET_NAME)";
				TEST_HOST = "$(BUILT_PRODUCTS_DIR)/applock.app/applock";
			};
			name = Debug;
		};
		1FAC60CF1AEE244300C0C055 /* Release */ = {
			isa = XCBuildConfiguration;
			buildSettings = {
				BUNDLE_LOADER = "$(TEST_HOST)";
				FRAMEWORK_SEARCH_PATHS = (
					"$(SDKROOT)/Developer/Library/Frameworks",
					"$(inherited)",
				);
				INFOPLIST_FILE = applockTests/Info.plist;
				LD_RUNPATH_SEARCH_PATHS = "$(inherited) @executable_path/Frameworks @loader_path/Frameworks";
				PRODUCT_NAME = "$(TARGET_NAME)";
				TEST_HOST = "$(BUILT_PRODUCTS_DIR)/applock.app/applock";
			};
			name = Release;
		};
/* End XCBuildConfiguration section */

/* Begin XCConfigurationList section */
		1FAC60A51AEE244300C0C055 /* Build configuration list for PBXProject "applock" */ = {
			isa = XCConfigurationList;
			buildConfigurations = (
				1FAC60C81AEE244300C0C055 /* Debug */,
				1FAC60C91AEE244300C0C055 /* Release */,
			);
			defaultConfigurationIsVisible = 0;
			defaultConfigurationName = Release;
		};
		1FAC60CA1AEE244300C0C055 /* Build configuration list for PBXNativeTarget "applock" */ = {
			isa = XCConfigurationList;
			buildConfigurations = (
				1FAC60CB1AEE244300C0C055 /* Debug */,
				1FAC60CC1AEE244300C0C055 /* Release */,
			);
			defaultConfigurationIsVisible = 0;
			defaultConfigurationName = Release;
		};
		1FAC60CD1AEE244300C0C055 /* Build configuration list for PBXNativeTarget "applockTests" */ = {
			isa = XCConfigurationList;
			buildConfigurations = (
				1FAC60CE1AEE244300C0C055 /* Debug */,
				1FAC60CF1AEE244300C0C055 /* Release */,
			);
			defaultConfigurationIsVisible = 0;
			defaultConfigurationName = Release;
		};
/* End XCConfigurationList section */
	};
	rootObject = 1FAC60A21AEE244300C0C055 /* Project object */;
}
